// !$*UTF8*$!
{
	archiveVersion = 1;
	classes = {
	};
	objectVersion = 46;
	objects = {

/* Begin PBXBuildFile section */
		94AE42F61F34E6E500F93E7C /* AppDelegate.swift in Sources */ = {isa = PBXBuildFile; fileRef = 94AE42F51F34E6E500F93E7C /* AppDelegate.swift */; };
		94AE42F81F34E6E500F93E7C /* ViewController.swift in Sources */ = {isa = PBXBuildFile; fileRef = 94AE42F71F34E6E500F93E7C /* ViewController.swift */; };
		94AE42FB1F34E6E500F93E7C /* Main.storyboard in Resources */ = {isa = PBXBuildFile; fileRef = 94AE42F91F34E6E500F93E7C /* Main.storyboard */; };
		94AE42FD1F34E6E500F93E7C /* Assets.xcassets in Resources */ = {isa = PBXBuildFile; fileRef = 94AE42FC1F34E6E500F93E7C /* Assets.xcassets */; };
		94AE43001F34E6E500F93E7C /* LaunchScreen.storyboard in Resources */ = {isa = PBXBuildFile; fileRef = 94AE42FE1F34E6E500F93E7C /* LaunchScreen.storyboard */; };
		94AE43471F3A036C00F93E7C /* GamePostTableViewCell.swift in Sources */ = {isa = PBXBuildFile; fileRef = 94AE43461F3A036C00F93E7C /* GamePostTableViewCell.swift */; };
		94AE436A1F3A0F6C00F93E7C /* GamePostTableViewController.swift in Sources */ = {isa = PBXBuildFile; fileRef = 94AE43691F3A0F6C00F93E7C /* GamePostTableViewController.swift */; };
		94AE436C1F3A0F8400F93E7C /* GamePost.swift in Sources */ = {isa = PBXBuildFile; fileRef = 94AE436B1F3A0F8400F93E7C /* GamePost.swift */; };
		AC1F504FF2700157BFFD098A /* Pods_MyProject.framework in Frameworks */ = {isa = PBXBuildFile; fileRef = E1B33E4F3F447B2591812CCB /* Pods_MyProject.framework */; };
/* End PBXBuildFile section */

/* Begin PBXFileReference section */
		94AE42F21F34E6E500F93E7C /* MyProject.app */ = {isa = PBXFileReference; explicitFileType = wrapper.application; includeInIndex = 0; path = MyProject.app; sourceTree = BUILT_PRODUCTS_DIR; };
		94AE42F51F34E6E500F93E7C /* AppDelegate.swift */ = {isa = PBXFileReference; lastKnownFileType = sourcecode.swift; path = AppDelegate.swift; sourceTree = "<group>"; };
		94AE42F71F34E6E500F93E7C /* ViewController.swift */ = {isa = PBXFileReference; lastKnownFileType = sourcecode.swift; path = ViewController.swift; sourceTree = "<group>"; };
		94AE42FA1F34E6E500F93E7C /* Base */ = {isa = PBXFileReference; lastKnownFileType = file.storyboard; name = Base; path = Base.lproj/Main.storyboard; sourceTree = "<group>"; };
		94AE42FC1F34E6E500F93E7C /* Assets.xcassets */ = {isa = PBXFileReference; lastKnownFileType = folder.assetcatalog; path = Assets.xcassets; sourceTree = "<group>"; };
		94AE42FF1F34E6E500F93E7C /* Base */ = {isa = PBXFileReference; lastKnownFileType = file.storyboard; name = Base; path = Base.lproj/LaunchScreen.storyboard; sourceTree = "<group>"; };
		94AE43011F34E6E600F93E7C /* Info.plist */ = {isa = PBXFileReference; lastKnownFileType = text.plist.xml; path = Info.plist; sourceTree = "<group>"; };
		94AE43461F3A036C00F93E7C /* GamePostTableViewCell.swift */ = {isa = PBXFileReference; fileEncoding = 4; lastKnownFileType = sourcecode.swift; path = GamePostTableViewCell.swift; sourceTree = "<group>"; };
		94AE43691F3A0F6C00F93E7C /* GamePostTableViewController.swift */ = {isa = PBXFileReference; fileEncoding = 4; lastKnownFileType = sourcecode.swift; name = GamePostTableViewController.swift; path = ../GamePostTableViewController.swift; sourceTree = "<group>"; };
		94AE436B1F3A0F8400F93E7C /* GamePost.swift */ = {isa = PBXFileReference; fileEncoding = 4; lastKnownFileType = sourcecode.swift; name = GamePost.swift; path = ../GamePost.swift; sourceTree = "<group>"; };
		DE045C5C66C9CDC1484257D2 /* Pods-MyProject.release.xcconfig */ = {isa = PBXFileReference; includeInIndex = 1; lastKnownFileType = text.xcconfig; name = "Pods-MyProject.release.xcconfig"; path = "Pods/Target Support Files/Pods-MyProject/Pods-MyProject.release.xcconfig"; sourceTree = "<group>"; };
		E1B33E4F3F447B2591812CCB /* Pods_MyProject.framework */ = {isa = PBXFileReference; explicitFileType = wrapper.framework; includeInIndex = 0; path = Pods_MyProject.framework; sourceTree = BUILT_PRODUCTS_DIR; };
		EE598E490405DB2E0EDE76D4 /* Pods-MyProject.debug.xcconfig */ = {isa = PBXFileReference; includeInIndex = 1; lastKnownFileType = text.xcconfig; name = "Pods-MyProject.debug.xcconfig"; path = "Pods/Target Support Files/Pods-MyProject/Pods-MyProject.debug.xcconfig"; sourceTree = "<group>"; };
/* End PBXFileReference section */

/* Begin PBXFrameworksBuildPhase section */
		94AE42EF1F34E6E500F93E7C /* Frameworks */ = {
			isa = PBXFrameworksBuildPhase;
			buildActionMask = 2147483647;
			files = (
				AC1F504FF2700157BFFD098A /* Pods_MyProject.framework in Frameworks */,
			);
			runOnlyForDeploymentPostprocessing = 0;
		};
/* End PBXFrameworksBuildPhase section */

/* Begin PBXGroup section */
		94AE42E91F34E6E500F93E7C = {
			isa = PBXGroup;
			children = (
				94AE42F41F34E6E500F93E7C /* MyProject */,
				94AE42F31F34E6E500F93E7C /* Products */,
				DB3C1E896FA539425D5EB195 /* Pods */,
				BCC61D35675F37748CC0AE54 /* Frameworks */,
			);
			sourceTree = "<group>";
		};
		94AE42F31F34E6E500F93E7C /* Products */ = {
			isa = PBXGroup;
			children = (
				94AE42F21F34E6E500F93E7C /* MyProject.app */,
			);
			name = Products;
			sourceTree = "<group>";
		};
		94AE42F41F34E6E500F93E7C /* MyProject */ = {
			isa = PBXGroup;
			children = (
				94AE436B1F3A0F8400F93E7C /* GamePost.swift */,
				94AE43691F3A0F6C00F93E7C /* GamePostTableViewController.swift */,
				94AE42F51F34E6E500F93E7C /* AppDelegate.swift */,
				94AE42F71F34E6E500F93E7C /* ViewController.swift */,
				94AE43461F3A036C00F93E7C /* GamePostTableViewCell.swift */,
				94AE42F91F34E6E500F93E7C /* Main.storyboard */,
				94AE42FC1F34E6E500F93E7C /* Assets.xcassets */,
				94AE42FE1F34E6E500F93E7C /* LaunchScreen.storyboard */,
				94AE43011F34E6E600F93E7C /* Info.plist */,
			);
			path = MyProject;
			sourceTree = "<group>";
		};
		BCC61D35675F37748CC0AE54 /* Frameworks */ = {
			isa = PBXGroup;
			children = (
				E1B33E4F3F447B2591812CCB /* Pods_MyProject.framework */,
			);
			name = Frameworks;
			sourceTree = "<group>";
		};
		DB3C1E896FA539425D5EB195 /* Pods */ = {
			isa = PBXGroup;
			children = (
				EE598E490405DB2E0EDE76D4 /* Pods-MyProject.debug.xcconfig */,
				DE045C5C66C9CDC1484257D2 /* Pods-MyProject.release.xcconfig */,
			);
			name = Pods;
			sourceTree = "<group>";
		};
/* End PBXGroup section */

/* Begin PBXNativeTarget section */
		94AE42F11F34E6E500F93E7C /* MyProject */ = {
			isa = PBXNativeTarget;
			buildConfigurationList = 94AE43041F34E6E600F93E7C /* Build configuration list for PBXNativeTarget "MyProject" */;
			buildPhases = (
				C959F3629F79E3A08C4B3E6B /* [CP] Check Pods Manifest.lock */,
				94AE42EE1F34E6E500F93E7C /* Sources */,
				94AE42EF1F34E6E500F93E7C /* Frameworks */,
				94AE42F01F34E6E500F93E7C /* Resources */,
				53E3EFB4487919E89A96BDDC /* [CP] Embed Pods Frameworks */,
				DBD900181E25492B880BF195 /* [CP] Copy Pods Resources */,
			);
			buildRules = (
			);
			dependencies = (
			);
			name = MyProject;
			productName = MyProject;
			productReference = 94AE42F21F34E6E500F93E7C /* MyProject.app */;
			productType = "com.apple.product-type.application";
		};
/* End PBXNativeTarget section */

/* Begin PBXProject section */
		94AE42EA1F34E6E500F93E7C /* Project object */ = {
			isa = PBXProject;
			attributes = {
				LastSwiftUpdateCheck = 0830;
				LastUpgradeCheck = 0830;
				ORGANIZATIONNAME = "iD Tech";
				TargetAttributes = {
					94AE42F11F34E6E500F93E7C = {
						CreatedOnToolsVersion = 8.3.1;
						DevelopmentTeam = K7XB4L56W6;
						ProvisioningStyle = Automatic;
					};
				};
			};
			buildConfigurationList = 94AE42ED1F34E6E500F93E7C /* Build configuration list for PBXProject "MyProject" */;
			compatibilityVersion = "Xcode 3.2";
			developmentRegion = English;
			hasScannedForEncodings = 0;
			knownRegions = (
				en,
				Base,
			);
			mainGroup = 94AE42E91F34E6E500F93E7C;
			productRefGroup = 94AE42F31F34E6E500F93E7C /* Products */;
			projectDirPath = "";
			projectRoot = "";
			targets = (
				94AE42F11F34E6E500F93E7C /* MyProject */,
			);
		};
/* End PBXProject section */

/* Begin PBXResourcesBuildPhase section */
		94AE42F01F34E6E500F93E7C /* Resources */ = {
			isa = PBXResourcesBuildPhase;
			buildActionMask = 2147483647;
			files = (
				94AE43001F34E6E500F93E7C /* LaunchScreen.storyboard in Resources */,
				94AE42FD1F34E6E500F93E7C /* Assets.xcassets in Resources */,
				94AE42FB1F34E6E500F93E7C /* Main.storyboard in Resources */,
			);
			runOnlyForDeploymentPostprocessing = 0;
		};
/* End PBXResourcesBuildPhase section */

/* Begin PBXShellScriptBuildPhase section */
		53E3EFB4487919E89A96BDDC /* [CP] Embed Pods Frameworks */ = {
			isa = PBXShellScriptBuildPhase;
			buildActionMask = 2147483647;
			files = (
			);
			inputPaths = (
				"${SRCROOT}/Pods/Target Support Files/Pods-MyProject/Pods-MyProject-frameworks.sh",
				"${BUILT_PRODUCTS_DIR}/Alamofire/Alamofire.framework",
				"${BUILT_PRODUCTS_DIR}/Kanna/Kanna.framework",
			);
			name = "[CP] Embed Pods Frameworks";
			outputPaths = (
				"${TARGET_BUILD_DIR}/${FRAMEWORKS_FOLDER_PATH}/Alamofire.framework",
				"${TARGET_BUILD_DIR}/${FRAMEWORKS_FOLDER_PATH}/Kanna.framework",
			);
			runOnlyForDeploymentPostprocessing = 0;
			shellPath = /bin/sh;
			shellScript = "\"${SRCROOT}/Pods/Target Support Files/Pods-MyProject/Pods-MyProject-frameworks.sh\"\n";
			showEnvVarsInLog = 0;
		};
		C959F3629F79E3A08C4B3E6B /* [CP] Check Pods Manifest.lock */ = {
			isa = PBXShellScriptBuildPhase;
			buildActionMask = 2147483647;
			files = (
			);
			inputPaths = (
				"${PODS_PODFILE_DIR_PATH}/Podfile.lock",
				"${PODS_ROOT}/Manifest.lock",
			);
			name = "[CP] Check Pods Manifest.lock";
			outputPaths = (
				"$(DERIVED_FILE_DIR)/Pods-MyProject-checkManifestLockResult.txt",
			);
			runOnlyForDeploymentPostprocessing = 0;
			shellPath = /bin/sh;
			shellScript = "diff \"${PODS_PODFILE_DIR_PATH}/Podfile.lock\" \"${PODS_ROOT}/Manifest.lock\" > /dev/null\nif [ $? != 0 ] ; then\n    # print error to STDERR\n    echo \"error: The sandbox is not in sync with the Podfile.lock. Run 'pod install' or update your CocoaPods installation.\" >&2\n    exit 1\nfi\n# This output is used by Xcode 'outputs' to avoid re-running this script phase.\necho \"SUCCESS\" > \"${SCRIPT_OUTPUT_FILE_0}\"\n";
			showEnvVarsInLog = 0;
		};
		DBD900181E25492B880BF195 /* [CP] Copy Pods Resources */ = {
			isa = PBXShellScriptBuildPhase;
			buildActionMask = 2147483647;
			files = (
			);
			inputPaths = (
			);
			name = "[CP] Copy Pods Resources";
			outputPaths = (
			);
			runOnlyForDeploymentPostprocessing = 0;
			shellPath = /bin/sh;
			shellScript = "\"${SRCROOT}/Pods/Target Support Files/Pods-MyProject/Pods-MyProject-resources.sh\"\n";
			showEnvVarsInLog = 0;
		};
/* End PBXShellScriptBuildPhase section */

/* Begin PBXSourcesBuildPhase section */
		94AE42EE1F34E6E500F93E7C /* Sources */ = {
			isa = PBXSourcesBuildPhase;
			buildActionMask = 2147483647;
			files = (
				94AE436A1F3A0F6C00F93E7C /* GamePostTableViewController.swift in Sources */,
				94AE43471F3A036C00F93E7C /* GamePostTableViewCell.swift in Sources */,
				94AE436C1F3A0F8400F93E7C /* GamePost.swift in Sources */,
				94AE42F81F34E6E500F93E7C /* ViewController.swift in Sources */,
				94AE42F61F34E6E500F93E7C /* AppDelegate.swift in Sources */,
			);
			runOnlyForDeploymentPostprocessing = 0;
		};
/* End PBXSourcesBuildPhase section */

/* Begin PBXVariantGroup section */
		94AE42F91F34E6E500F93E7C /* Main.storyboard */ = {
			isa = PBXVariantGroup;
			children = (
				94AE42FA1F34E6E500F93E7C /* Base */,
			);
			name = Main.storyboard;
			sourceTree = "<group>";
		};
		94AE42FE1F34E6E500F93E7C /* LaunchScreen.storyboard */ = {
			isa = PBXVariantGroup;
			children = (
				94AE42FF1F34E6E500F93E7C /* Base */,
			);
			name = LaunchScreen.storyboard;
			sourceTree = "<group>";
		};
/* End PBXVariantGroup section */

/* Begin XCBuildConfiguration section */
		94AE43021F34E6E600F93E7C /* Debug */ = {
			isa = XCBuildConfiguration;
			buildSettings = {
				ALWAYS_SEARCH_USER_PATHS = NO;
				CLANG_ANALYZER_NONNULL = YES;
				CLANG_ANALYZER_NUMBER_OBJECT_CONVERSION = YES_AGGRESSIVE;
				CLANG_CXX_LANGUAGE_STANDARD = "gnu++0x";
				CLANG_CXX_LIBRARY = "libc++";
				CLANG_ENABLE_MODULES = YES;
				CLANG_ENABLE_OBJC_ARC = YES;
				CLANG_WARN_BOOL_CONVERSION = YES;
				CLANG_WARN_CONSTANT_CONVERSION = YES;
				CLANG_WARN_DIRECT_OBJC_ISA_USAGE = YES_ERROR;
				CLANG_WARN_DOCUMENTATION_COMMENTS = YES;
				CLANG_WARN_EMPTY_BODY = YES;
				CLANG_WARN_ENUM_CONVERSION = YES;
				CLANG_WARN_INFINITE_RECURSION = YES;
				CLANG_WARN_INT_CONVERSION = YES;
				CLANG_WARN_OBJC_ROOT_CLASS = YES_ERROR;
				CLANG_WARN_SUSPICIOUS_MOVE = YES;
				CLANG_WARN_UNREACHABLE_CODE = YES;
				CLANG_WARN__DUPLICATE_METHOD_MATCH = YES;
				"CODE_SIGN_IDENTITY[sdk=iphoneos*]" = "iPhone Developer";
				COPY_PHASE_STRIP = NO;
				DEBUG_INFORMATION_FORMAT = dwarf;
				ENABLE_STRICT_OBJC_MSGSEND = YES;
				ENABLE_TESTABILITY = YES;
				GCC_C_LANGUAGE_STANDARD = gnu99;
				GCC_DYNAMIC_NO_PIC = NO;
				GCC_NO_COMMON_BLOCKS = YES;
				GCC_OPTIMIZATION_LEVEL = 0;
				GCC_PREPROCESSOR_DEFINITIONS = (
					"DEBUG=1",
					"$(inherited)",
				);
				GCC_WARN_64_TO_32_BIT_CONVERSION = YES;
				GCC_WARN_ABOUT_RETURN_TYPE = YES_ERROR;
				GCC_WARN_UNDECLARED_SELECTOR = YES;
				GCC_WARN_UNINITIALIZED_AUTOS = YES_AGGRESSIVE;
				GCC_WARN_UNUSED_FUNCTION = YES;
				GCC_WARN_UNUSED_VARIABLE = YES;
				IPHONEOS_DEPLOYMENT_TARGET = 10.3;
				MTL_ENABLE_DEBUG_INFO = YES;
				ONLY_ACTIVE_ARCH = YES;
				SDKROOT = iphoneos;
				SWIFT_ACTIVE_COMPILATION_CONDITIONS = DEBUG;
				SWIFT_OPTIMIZATION_LEVEL = "-Onone";
				TARGETED_DEVICE_FAMILY = "1,2";
			};
			name = Debug;
		};
		94AE43031F34E6E600F93E7C /* Release */ = {
			isa = XCBuildConfiguration;
			buildSettings = {
				ALWAYS_SEARCH_USER_PATHS = NO;
				CLANG_ANALYZER_NONNULL = YES;
				CLANG_ANALYZER_NUMBER_OBJECT_CONVERSION = YES_AGGRESSIVE;
				CLANG_CXX_LANGUAGE_STANDARD = "gnu++0x";
				CLANG_CXX_LIBRARY = "libc++";
				CLANG_ENABLE_MODULES = YES;
				CLANG_ENABLE_OBJC_ARC = YES;
				CLANG_WARN_BOOL_CONVERSION = YES;
				CLANG_WARN_CONSTANT_CONVERSION = YES;
				CLANG_WARN_DIRECT_OBJC_ISA_USAGE = YES_ERROR;
				CLANG_WARN_DOCUMENTATION_COMMENTS = YES;
				CLANG_WARN_EMPTY_BODY = YES;
				CLANG_WARN_ENUM_CONVERSION = YES;
				CLANG_WARN_INFINITE_RECURSION = YES;
				CLANG_WARN_INT_CONVERSION = YES;
				CLANG_WARN_OBJC_ROOT_CLASS = YES_ERROR;
				CLANG_WARN_SUSPICIOUS_MOVE = YES;
				CLANG_WARN_UNREACHABLE_CODE = YES;
				CLANG_WARN__DUPLICATE_METHOD_MATCH = YES;
				"CODE_SIGN_IDENTITY[sdk=iphoneos*]" = "iPhone Developer";
				COPY_PHASE_STRIP = NO;
				DEBUG_INFORMATION_FORMAT = "dwarf-with-dsym";
				ENABLE_NS_ASSERTIONS = NO;
				ENABLE_STRICT_OBJC_MSGSEND = YES;
				GCC_C_LANGUAGE_STANDARD = gnu99;
				GCC_NO_COMMON_BLOCKS = YES;
				GCC_WARN_64_TO_32_BIT_CONVERSION = YES;
				GCC_WARN_ABOUT_RETURN_TYPE = YES_ERROR;
				GCC_WARN_UNDECLARED_SELECTOR = YES;
				GCC_WARN_UNINITIALIZED_AUTOS = YES_AGGRESSIVE;
				GCC_WARN_UNUSED_FUNCTION = YES;
				GCC_WARN_UNUSED_VARIABLE = YES;
				IPHONEOS_DEPLOYMENT_TARGET = 10.3;
				MTL_ENABLE_DEBUG_INFO = NO;
				SDKROOT = iphoneos;
				SWIFT_OPTIMIZATION_LEVEL = "-Owholemodule";
				TARGETED_DEVICE_FAMILY = "1,2";
				VALIDATE_PRODUCT = YES;
			};
			name = Release;
		};
		94AE43051F34E6E600F93E7C /* Debug */ = {
			isa = XCBuildConfiguration;
			baseConfigurationReference = EE598E490405DB2E0EDE76D4 /* Pods-MyProject.debug.xcconfig */;
			buildSettings = {
				ASSETCATALOG_COMPILER_APPICON_NAME = AppIcon;
				DEVELOPMENT_TEAM = K7XB4L56W6;
				INFOPLIST_FILE = MyProject/Info.plist;
				LD_RUNPATH_SEARCH_PATHS = "$(inherited) @executable_path/Frameworks";
				PRODUCT_BUNDLE_IDENTIFIER = com.iDTech.Dima.MyProject;
				PRODUCT_NAME = "$(TARGET_NAME)";
				SWIFT_VERSION = 3.0;
			};
			name = Debug;
		};
		94AE43061F34E6E600F93E7C /* Release */ = {
			isa = XCBuildConfiguration;
			baseConfigurationReference = DE045C5C66C9CDC1484257D2 /* Pods-MyProject.release.xcconfig */;
			buildSettings = {
				ASSETCATALOG_COMPILER_APPICON_NAME = AppIcon;
				DEVELOPMENT_TEAM = K7XB4L56W6;
				INFOPLIST_FILE = MyProject/Info.plist;
				LD_RUNPATH_SEARCH_PATHS = "$(inherited) @executable_path/Frameworks";
				PRODUCT_BUNDLE_IDENTIFIER = com.iDTech.Dima.MyProject;
				PRODUCT_NAME = "$(TARGET_NAME)";
				SWIFT_VERSION = 3.0;
			};
			name = Release;
		};
/* End XCBuildConfiguration section */

/* Begin XCConfigurationList section */
		94AE42ED1F34E6E500F93E7C /* Build configuration list for PBXProject "MyProject" */ = {
			isa = XCConfigurationList;
			buildConfigurations = (
				94AE43021F34E6E600F93E7C /* Debug */,
				94AE43031F34E6E600F93E7C /* Release */,
			);
			defaultConfigurationIsVisible = 0;
			defaultConfigurationName = Release;
		};
		94AE43041F34E6E600F93E7C /* Build configuration list for PBXNativeTarget "MyProject" */ = {
			isa = XCConfigurationList;
			buildConfigurations = (
				94AE43051F34E6E600F93E7C /* Debug */,
				94AE43061F34E6E600F93E7C /* Release */,
			);
			defaultConfigurationIsVisible = 0;
			defaultConfigurationName = Release;
		};
/* End XCConfigurationList section */
	};
	rootObject = 94AE42EA1F34E6E500F93E7C /* Project object */;
}
